
Microsoft Visual Studio Solution File, Format Version 12.00
# Visual Studio Version 16
VisualStudioVersion = 16.0.29418.71
MinimumVisualStudioVersion = 10.0.40219.1
Project("{FAE04EC0-301F-11D3-BF4B-00C04F79EFBC}") = "HackathonAlert.API", "HackathonAlert.API\HackathonAlert.API.csproj", "{9941CD95-C998-41F2-B2B4-CC232C6E3E3F}"
EndProject
Project("{FAE04EC0-301F-11D3-BF4B-00C04F79EFBC}") = "HackathonAlert.API.Core", "HackathonAlert.API.Core\HackathonAlert.API.Core.csproj", "{F8F4779C-A4BF-4C32-A866-905F3B1DCF34}"
EndProject
Project("{FAE04EC0-301F-11D3-BF4B-00C04F79EFBC}") = "HackathonAlert.Api.Tests", "HackathonAlert.Api.Tests\HackathonAlert.Api.Tests.csproj", "{CE627882-A180-4124-8D76-A9FE0A940B91}"
EndProject
Global
	GlobalSection(SolutionConfigurationPlatforms) = preSolution
		Debug|Any CPU = Debug|Any CPU
		Release|Any CPU = Release|Any CPU
	EndGlobalSection
	GlobalSection(ProjectConfigurationPlatforms) = postSolution
		{9941CD95-C998-41F2-B2B4-CC232C6E3E3F}.Debug|Any CPU.ActiveCfg = Debug|Any CPU
		{9941CD95-C998-41F2-B2B4-CC232C6E3E3F}.Debug|Any CPU.Build.0 = Debug|Any CPU
		{9941CD95-C998-41F2-B2B4-CC232C6E3E3F}.Release|Any CPU.ActiveCfg = Release|Any CPU
		{9941CD95-C998-41F2-B2B4-CC232C6E3E3F}.Release|Any CPU.Build.0 = Release|Any CPU
		{F8F4779C-A4BF-4C32-A866-905F3B1DCF34}.Debug|Any CPU.ActiveCfg = Debug|Any CPU
		{F8F4779C-A4BF-4C32-A866-905F3B1DCF34}.Debug|Any CPU.Build.0 = Debug|Any CPU
		{F8F4779C-A4BF-4C32-A866-905F3B1DCF34}.Release|Any CPU.ActiveCfg = Release|Any CPU
		{F8F4779C-A4BF-4C32-A866-905F3B1DCF34}.Release|Any CPU.Build.0 = Release|Any CPU
		{CE627882-A180-4124-8D76-A9FE0A940B91}.Debug|Any CPU.ActiveCfg = Debug|Any CPU
		{CE627882-A180-4124-8D76-A9FE0A940B91}.Debug|Any CPU.Build.0 = Debug|Any CPU
		{CE627882-A180-4124-8D76-A9FE0A940B91}.Release|Any CPU.ActiveCfg = Release|Any CPU
		{CE627882-A180-4124-8D76-A9FE0A940B91}.Release|Any CPU.Build.0 = Release|Any CPU
	EndGlobalSection
	GlobalSection(SolutionProperties) = preSolution
		HideSolutionNode = FALSE
	EndGlobalSection
	GlobalSection(ExtensibilityGlobals) = postSolution
		SolutionGuid = {28E51A2B-B201-4B75-98C0-26D2CC5E88D9}
	EndGlobalSection
EndGlobal
