
Microsoft Visual Studio Solution File, Format Version 12.00
# Visual Studio Version 16
VisualStudioVersion = 16.0.29418.71
MinimumVisualStudioVersion = 10.0.40219.1
Project("{FAE04EC0-301F-11D3-BF4B-00C04F79EFBC}") = "HackathonPerformanceTest", "HackathonPerformanceTest\HackathonPerformanceTest.csproj", "{04BF03B4-F795-4E00-BDDF-A260C3B25970}"
EndProject
Global
	GlobalSection(SolutionConfigurationPlatforms) = preSolution
		Debug|Any CPU = Debug|Any CPU
		Release|Any CPU = Release|Any CPU
	EndGlobalSection
	GlobalSection(ProjectConfigurationPlatforms) = postSolution
		{04BF03B4-F795-4E00-BDDF-A260C3B25970}.Debug|Any CPU.ActiveCfg = Debug|Any CPU
		{04BF03B4-F795-4E00-BDDF-A260C3B25970}.Debug|Any CPU.Build.0 = Debug|Any CPU
		{04BF03B4-F795-4E00-BDDF-A260C3B25970}.Release|Any CPU.ActiveCfg = Release|Any CPU
		{04BF03B4-F795-4E00-BDDF-A260C3B25970}.Release|Any CPU.Build.0 = Release|Any CPU
	EndGlobalSection
	GlobalSection(SolutionProperties) = preSolution
		HideSolutionNode = FALSE
	EndGlobalSection
	GlobalSection(ExtensibilityGlobals) = postSolution
		SolutionGuid = {50C42EA8-626A-46AA-8522-56BAE9CD7CAE}
	EndGlobalSection
EndGlobal
